{
  "requires": true,
  "lockfileVersion": 1,
  "dependencies": {
    "emotion-ratings": {
      "version": "2.0.2",
      "resolved": "https://registry.npmjs.org/emotion-ratings/-/emotion-ratings-2.0.2.tgz",
      "integrity": "sha512-b+HR3kMOC2biuF/nrQk35IuSrEt8jAIay8clGqa4oVmbS8BHkpBnNS5wofly2ArA9Tvzek+3qFt9sK6FMhDuPA=="
    },
    "ngx-bar-rating": {
      "version": "2.0.0",
      "resolved": "https://registry.npmjs.org/ngx-bar-rating/-/ngx-bar-rating-2.0.0.tgz",
      "integrity": "sha512-07ShaELP3GqCt755prG0GGhL6ULkyKj7Mf6BxPDvGLQuaW/C7c9xZJKKZ6lKMjcCVMoBW1HmH2/pZXlIe/bQ6A==",
      "requires": {
        "tslib": "^2.0.0"
      }
    },
    "tslib": {
      "version": "2.1.0",
      "resolved": "https://registry.npmjs.org/tslib/-/tslib-2.1.0.tgz",
      "integrity": "sha512-hcVC3wYEziELGGmEEXue7D75zbwIIVUMWAVbHItGPx0ziyXxrOMQx4rQEVEV45Ut/1IotuEvwqPopzIOkDMf0A=="
    }
  }
}
